
Microsoft Visual Studio Solution File, Format Version 12.00
# Visual Studio Version 17
VisualStudioVersion = 17.5.33516.290
MinimumVisualStudioVersion = 10.0.40219.1
Project("{2150E333-8FDC-42A3-9474-1A3956D46DE8}") = "src", "src", "{73F80E33-A35C-47F9-8EF3-8B5E73876F73}"
EndProject
Project("{2150E333-8FDC-42A3-9474-1A3956D46DE8}") = "test", "test", "{AB5CA91B-3B9A-4EE9-9926-5C77FD3832D7}"
EndProject
Project("{2150E333-8FDC-42A3-9474-1A3956D46DE8}") = "Domain", "Domain", "{A5DF1C92-EA6D-46F0-9073-9BABC0858498}"
EndProject
Project("{2150E333-8FDC-42A3-9474-1A3956D46DE8}") = "Application", "Application", "{839859C4-31AC-465C-91FE-C439BA1B2979}"
EndProject
Project("{2150E333-8FDC-42A3-9474-1A3956D46DE8}") = "Infrastructure", "Infrastructure", "{7094C328-72B9-4E08-85C2-2CE4390DC157}"
EndProject
Project("{2150E333-8FDC-42A3-9474-1A3956D46DE8}") = "API", "API", "{2A14587C-E1C6-4875-A5D9-975C81C221A6}"
EndProject
Project("{2150E333-8FDC-42A3-9474-1A3956D46DE8}") = "CatalogService", "CatalogService", "{B58F68CB-60DE-4DCA-9B52-8A9E569FD801}"
EndProject
Project("{FAE04EC0-301F-11D3-BF4B-00C04F79EFBC}") = "CatalogAPI", "CatalogAPI\CatalogAPI.csproj", "{1EBD8C98-AFA0-4FA5-BADF-97E8432ADE8D}"
EndProject
Project("{2150E333-8FDC-42A3-9474-1A3956D46DE8}") = "Solution Items", "Solution Items", "{621D4FFA-3B7B-4D23-90AE-A72D3945084D}"
	ProjectSection(SolutionItems) = preProject
		docker-compose.yml = docker-compose.yml
	EndProjectSection
EndProject
Project("{FAE04EC0-301F-11D3-BF4B-00C04F79EFBC}") = "Domain", "Domain\Domain.csproj", "{73F6C040-41A9-4CB2-B2C6-DC60F897ACF4}"
EndProject
Project("{FAE04EC0-301F-11D3-BF4B-00C04F79EFBC}") = "Persistence", "Persistence\Persistence.csproj", "{8802CE92-C501-43DA-9A78-9108BE59E01A}"
EndProject
Project("{FAE04EC0-301F-11D3-BF4B-00C04F79EFBC}") = "Application", "Application\Application.csproj", "{BD89CF56-A6CA-43C6-8D20-909D47EB2E62}"
EndProject
Global
	GlobalSection(SolutionConfigurationPlatforms) = preSolution
		Debug|Any CPU = Debug|Any CPU
		Release|Any CPU = Release|Any CPU
	EndGlobalSection
	GlobalSection(ProjectConfigurationPlatforms) = postSolution
		{1EBD8C98-AFA0-4FA5-BADF-97E8432ADE8D}.Debug|Any CPU.ActiveCfg = Debug|Any CPU
		{1EBD8C98-AFA0-4FA5-BADF-97E8432ADE8D}.Debug|Any CPU.Build.0 = Debug|Any CPU
		{1EBD8C98-AFA0-4FA5-BADF-97E8432ADE8D}.Release|Any CPU.ActiveCfg = Release|Any CPU
		{1EBD8C98-AFA0-4FA5-BADF-97E8432ADE8D}.Release|Any CPU.Build.0 = Release|Any CPU
		{73F6C040-41A9-4CB2-B2C6-DC60F897ACF4}.Debug|Any CPU.ActiveCfg = Debug|Any CPU
		{73F6C040-41A9-4CB2-B2C6-DC60F897ACF4}.Debug|Any CPU.Build.0 = Debug|Any CPU
		{73F6C040-41A9-4CB2-B2C6-DC60F897ACF4}.Release|Any CPU.ActiveCfg = Release|Any CPU
		{73F6C040-41A9-4CB2-B2C6-DC60F897ACF4}.Release|Any CPU.Build.0 = Release|Any CPU
		{8802CE92-C501-43DA-9A78-9108BE59E01A}.Debug|Any CPU.ActiveCfg = Debug|Any CPU
		{8802CE92-C501-43DA-9A78-9108BE59E01A}.Debug|Any CPU.Build.0 = Debug|Any CPU
		{8802CE92-C501-43DA-9A78-9108BE59E01A}.Release|Any CPU.ActiveCfg = Release|Any CPU
		{8802CE92-C501-43DA-9A78-9108BE59E01A}.Release|Any CPU.Build.0 = Release|Any CPU
		{BD89CF56-A6CA-43C6-8D20-909D47EB2E62}.Debug|Any CPU.ActiveCfg = Debug|Any CPU
		{BD89CF56-A6CA-43C6-8D20-909D47EB2E62}.Debug|Any CPU.Build.0 = Debug|Any CPU
		{BD89CF56-A6CA-43C6-8D20-909D47EB2E62}.Release|Any CPU.ActiveCfg = Release|Any CPU
		{BD89CF56-A6CA-43C6-8D20-909D47EB2E62}.Release|Any CPU.Build.0 = Release|Any CPU
	EndGlobalSection
	GlobalSection(SolutionProperties) = preSolution
		HideSolutionNode = FALSE
	EndGlobalSection
	GlobalSection(NestedProjects) = preSolution
		{73F80E33-A35C-47F9-8EF3-8B5E73876F73} = {B58F68CB-60DE-4DCA-9B52-8A9E569FD801}
		{AB5CA91B-3B9A-4EE9-9926-5C77FD3832D7} = {B58F68CB-60DE-4DCA-9B52-8A9E569FD801}
		{A5DF1C92-EA6D-46F0-9073-9BABC0858498} = {73F80E33-A35C-47F9-8EF3-8B5E73876F73}
		{839859C4-31AC-465C-91FE-C439BA1B2979} = {73F80E33-A35C-47F9-8EF3-8B5E73876F73}
		{7094C328-72B9-4E08-85C2-2CE4390DC157} = {73F80E33-A35C-47F9-8EF3-8B5E73876F73}
		{2A14587C-E1C6-4875-A5D9-975C81C221A6} = {73F80E33-A35C-47F9-8EF3-8B5E73876F73}
		{1EBD8C98-AFA0-4FA5-BADF-97E8432ADE8D} = {2A14587C-E1C6-4875-A5D9-975C81C221A6}
		{73F6C040-41A9-4CB2-B2C6-DC60F897ACF4} = {A5DF1C92-EA6D-46F0-9073-9BABC0858498}
		{8802CE92-C501-43DA-9A78-9108BE59E01A} = {7094C328-72B9-4E08-85C2-2CE4390DC157}
		{BD89CF56-A6CA-43C6-8D20-909D47EB2E62} = {839859C4-31AC-465C-91FE-C439BA1B2979}
	EndGlobalSection
	GlobalSection(ExtensibilityGlobals) = postSolution
		SolutionGuid = {8DA3C24A-00DA-4475-B3CE-25206BF120CD}
	EndGlobalSection
EndGlobal
